// !$*UTF8*$!
{
	archiveVersion = 1;
	classes = {
	};
	objectVersion = 48;
	objects = {

/* Begin PBXBuildFile section */
		3438CA44208B7E1F0016C307 /* URLQueryEncoder.swift in Sources */ = {isa = PBXBuildFile; fileRef = 3438CA43208B7E1F0016C307 /* URLQueryEncoder.swift */; };
		34A294662087DEEC004EEA33 /* AppDelegate.swift in Sources */ = {isa = PBXBuildFile; fileRef = 34A294652087DEEC004EEA33 /* AppDelegate.swift */; };
		34A294682087DEEC004EEA33 /* LoginViewController.swift in Sources */ = {isa = PBXBuildFile; fileRef = 34A294672087DEEC004EEA33 /* LoginViewController.swift */; };
		34A2946B2087DEEC004EEA33 /* Main.storyboard in Resources */ = {isa = PBXBuildFile; fileRef = 34A294692087DEEC004EEA33 /* Main.storyboard */; };
		34A2946D2087DEEC004EEA33 /* Assets.xcassets in Resources */ = {isa = PBXBuildFile; fileRef = 34A2946C2087DEEC004EEA33 /* Assets.xcassets */; };
		34A294702087DEEC004EEA33 /* LaunchScreen.storyboard in Resources */ = {isa = PBXBuildFile; fileRef = 34A2946E2087DEEC004EEA33 /* LaunchScreen.storyboard */; };
		34A2947B2087DEEC004EEA33 /* myBudgetTests.swift in Sources */ = {isa = PBXBuildFile; fileRef = 34A2947A2087DEEC004EEA33 /* myBudgetTests.swift */; };
		34A294862087DEEC004EEA33 /* myBudgetUITests.swift in Sources */ = {isa = PBXBuildFile; fileRef = 34A294852087DEEC004EEA33 /* myBudgetUITests.swift */; };
		34A294962087E023004EEA33 /* RoundedButton.swift in Sources */ = {isa = PBXBuildFile; fileRef = 34A294952087E023004EEA33 /* RoundedButton.swift */; };
		34A294982087E614004EEA33 /* RoundedTextField.swift in Sources */ = {isa = PBXBuildFile; fileRef = 34A294972087E614004EEA33 /* RoundedTextField.swift */; };
		34A2949B2087ECA0004EEA33 /* UIViewController+UITextField.swift in Sources */ = {isa = PBXBuildFile; fileRef = 34A2949A2087ECA0004EEA33 /* UIViewController+UITextField.swift */; };
		34A294A12087FAC7004EEA33 /* AccountService.swift in Sources */ = {isa = PBXBuildFile; fileRef = 34A294A02087FAC7004EEA33 /* AccountService.swift */; };
		34A294A42087FB5B004EEA33 /* Result.swift in Sources */ = {isa = PBXBuildFile; fileRef = 34A294A32087FB5B004EEA33 /* Result.swift */; };
		34A294A62087FD3A004EEA33 /* AuthService.swift in Sources */ = {isa = PBXBuildFile; fileRef = 34A294A52087FD3A004EEA33 /* AuthService.swift */; };
		34A294A82087FEA4004EEA33 /* MovementService.swift in Sources */ = {isa = PBXBuildFile; fileRef = 34A294A72087FEA4004EEA33 /* MovementService.swift */; };
		34A294AA20880008004EEA33 /* PendingInvitesService.swift in Sources */ = {isa = PBXBuildFile; fileRef = 34A294A920880008004EEA33 /* PendingInvitesService.swift */; };
		34A294AC20880218004EEA33 /* ApiClient.swift in Sources */ = {isa = PBXBuildFile; fileRef = 34A294AB20880218004EEA33 /* ApiClient.swift */; };
		34A294AF20880417004EEA33 /* LoginRequest.swift in Sources */ = {isa = PBXBuildFile; fileRef = 34A294AE20880417004EEA33 /* LoginRequest.swift */; };
		34A294B22088044C004EEA33 /* JwtAuthenticationResponse.swift in Sources */ = {isa = PBXBuildFile; fileRef = 34A294B12088044C004EEA33 /* JwtAuthenticationResponse.swift */; };
		34A294B4208804B1004EEA33 /* User.swift in Sources */ = {isa = PBXBuildFile; fileRef = 34A294B3208804B1004EEA33 /* User.swift */; };
		34A294B62088063E004EEA33 /* Account.swift in Sources */ = {isa = PBXBuildFile; fileRef = 34A294B52088063E004EEA33 /* Account.swift */; };
		34A294B820880840004EEA33 /* MyBudgetApiClient.swift in Sources */ = {isa = PBXBuildFile; fileRef = 34A294B720880840004EEA33 /* MyBudgetApiClient.swift */; };
		34A294BA2088A278004EEA33 /* ApiError.swift in Sources */ = {isa = PBXBuildFile; fileRef = 34A294B92088A278004EEA33 /* ApiError.swift */; };
		34A294BC2088A681004EEA33 /* LoginResult.swift in Sources */ = {isa = PBXBuildFile; fileRef = 34A294BB2088A681004EEA33 /* LoginResult.swift */; };
		34A294BF2088B36E004EEA33 /* HeaderBox.swift in Sources */ = {isa = PBXBuildFile; fileRef = 34A294BE2088B36E004EEA33 /* HeaderBox.swift */; };
		34A294C12088B512004EEA33 /* UIView+EasyAnchor.swift in Sources */ = {isa = PBXBuildFile; fileRef = 34A294C02088B512004EEA33 /* UIView+EasyAnchor.swift */; };
		34A294C42088C1E8004EEA33 /* Colors.swift in Sources */ = {isa = PBXBuildFile; fileRef = 34A294C32088C1E8004EEA33 /* Colors.swift */; };
		34A294C62088CD3F004EEA33 /* Movement.swift in Sources */ = {isa = PBXBuildFile; fileRef = 34A294C52088CD3F004EEA33 /* Movement.swift */; };
		34A294C82088D003004EEA33 /* GetAccountDetailsRequest.swift in Sources */ = {isa = PBXBuildFile; fileRef = 34A294C72088D003004EEA33 /* GetAccountDetailsRequest.swift */; };
		34A294CA2088D0F7004EEA33 /* AccountDetails.swift in Sources */ = {isa = PBXBuildFile; fileRef = 34A294C92088D0F7004EEA33 /* AccountDetails.swift */; };
		34A294CC20890A6D004EEA33 /* URLPathEncoder.swift in Sources */ = {isa = PBXBuildFile; fileRef = 34A294CB20890A6D004EEA33 /* URLPathEncoder.swift */; };
		34A294CE20890B6A004EEA33 /* HTTPParameter.swift in Sources */ = {isa = PBXBuildFile; fileRef = 34A294CD20890B6A004EEA33 /* HTTPParameter.swift */; };
		34A294E220890D20004EEA33 /* Colors.swift in Sources */ = {isa = PBXBuildFile; fileRef = 34A294C32088C1E8004EEA33 /* Colors.swift */; };
		34A294E320890D20004EEA33 /* JwtAuthenticationResponse.swift in Sources */ = {isa = PBXBuildFile; fileRef = 34A294B12088044C004EEA33 /* JwtAuthenticationResponse.swift */; };
		34A294E420890D20004EEA33 /* User.swift in Sources */ = {isa = PBXBuildFile; fileRef = 34A294B3208804B1004EEA33 /* User.swift */; };
		34A294E520890D20004EEA33 /* Account.swift in Sources */ = {isa = PBXBuildFile; fileRef = 34A294B52088063E004EEA33 /* Account.swift */; };
		34A294E620890D20004EEA33 /* LoginResult.swift in Sources */ = {isa = PBXBuildFile; fileRef = 34A294BB2088A681004EEA33 /* LoginResult.swift */; };
		34A294E720890D20004EEA33 /* Movement.swift in Sources */ = {isa = PBXBuildFile; fileRef = 34A294C52088CD3F004EEA33 /* Movement.swift */; };
		34A294E820890D20004EEA33 /* AccountDetails.swift in Sources */ = {isa = PBXBuildFile; fileRef = 34A294C92088D0F7004EEA33 /* AccountDetails.swift */; };
		34A294E920890D20004EEA33 /* LoginRequest.swift in Sources */ = {isa = PBXBuildFile; fileRef = 34A294AE20880417004EEA33 /* LoginRequest.swift */; };
		34A294EA20890D20004EEA33 /* GetAccountDetailsRequest.swift in Sources */ = {isa = PBXBuildFile; fileRef = 34A294C72088D003004EEA33 /* GetAccountDetailsRequest.swift */; };
		34A294EB20890D20004EEA33 /* ApiClient.swift in Sources */ = {isa = PBXBuildFile; fileRef = 34A294AB20880218004EEA33 /* ApiClient.swift */; };
		34A294EC20890D20004EEA33 /* Result.swift in Sources */ = {isa = PBXBuildFile; fileRef = 34A294A32087FB5B004EEA33 /* Result.swift */; };
		34A294ED20890D20004EEA33 /* URLPathEncoder.swift in Sources */ = {isa = PBXBuildFile; fileRef = 34A294CB20890A6D004EEA33 /* URLPathEncoder.swift */; };
		34A294EE20890D20004EEA33 /* HTTPParameter.swift in Sources */ = {isa = PBXBuildFile; fileRef = 34A294CD20890B6A004EEA33 /* HTTPParameter.swift */; };
		34A294EF20890D20004EEA33 /* AccountService.swift in Sources */ = {isa = PBXBuildFile; fileRef = 34A294A02087FAC7004EEA33 /* AccountService.swift */; };
		34A294F020890D20004EEA33 /* AuthService.swift in Sources */ = {isa = PBXBuildFile; fileRef = 34A294A52087FD3A004EEA33 /* AuthService.swift */; };
		34A294F120890D20004EEA33 /* MovementService.swift in Sources */ = {isa = PBXBuildFile; fileRef = 34A294A72087FEA4004EEA33 /* MovementService.swift */; };
		34A294F220890D20004EEA33 /* PendingInvitesService.swift in Sources */ = {isa = PBXBuildFile; fileRef = 34A294A920880008004EEA33 /* PendingInvitesService.swift */; };
		34A294F320890D20004EEA33 /* MyBudgetApiClient.swift in Sources */ = {isa = PBXBuildFile; fileRef = 34A294B720880840004EEA33 /* MyBudgetApiClient.swift */; };
		34A294F420890D20004EEA33 /* ApiError.swift in Sources */ = {isa = PBXBuildFile; fileRef = 34A294B92088A278004EEA33 /* ApiError.swift */; };
		34A294F920892E37004EEA33 /* Networking.swift in Sources */ = {isa = PBXBuildFile; fileRef = 34A294F820892E37004EEA33 /* Networking.swift */; };
		34A294FB2089350F004EEA33 /* MainViewController.swift in Sources */ = {isa = PBXBuildFile; fileRef = 34A294FA2089350F004EEA33 /* MainViewController.swift */; };
		34A294FE208939E8004EEA33 /* Currency.swift in Sources */ = {isa = PBXBuildFile; fileRef = 34A294FD208939E8004EEA33 /* Currency.swift */; };
		34A29504208A35E5004EEA33 /* RegisterRequest.swift in Sources */ = {isa = PBXBuildFile; fileRef = 34A29503208A35E5004EEA33 /* RegisterRequest.swift */; };
		34A29507208A3C07004EEA33 /* GetAllRequest.swift in Sources */ = {isa = PBXBuildFile; fileRef = 34A29506208A3C07004EEA33 /* GetAllRequest.swift */; };
		34A29509208A3C66004EEA33 /* SearchUserRequest.swift in Sources */ = {isa = PBXBuildFile; fileRef = 34A29508208A3C66004EEA33 /* SearchUserRequest.swift */; };
		34A2950B208A3DDE004EEA33 /* InviteUserRequest.swift in Sources */ = {isa = PBXBuildFile; fileRef = 34A2950A208A3DDE004EEA33 /* InviteUserRequest.swift */; };
		34A2950D208A3F1D004EEA33 /* EditAccountRequest.swift in Sources */ = {isa = PBXBuildFile; fileRef = 34A2950C208A3F1C004EEA33 /* EditAccountRequest.swift */; };
		34A2950F208A4115004EEA33 /* InsertAccountRequest.swift in Sources */ = {isa = PBXBuildFile; fileRef = 34A2950E208A4115004EEA33 /* InsertAccountRequest.swift */; };
		34C1816F208DE802009DBA14 /* Percent.swift in Sources */ = {isa = PBXBuildFile; fileRef = 34C1816E208DE802009DBA14 /* Percent.swift */; };
		34EC4474208D51BA00CB6D16 /* Endpoint.swift in Sources */ = {isa = PBXBuildFile; fileRef = 34EC4473208D51BA00CB6D16 /* Endpoint.swift */; };
		34EC4476208D56B000CB6D16 /* ChartView.swift in Sources */ = {isa = PBXBuildFile; fileRef = 34EC4475208D56B000CB6D16 /* ChartView.swift */; };
		817A8723A97403FB76DD604A /* Pods_myBudgetUITests.framework in Frameworks */ = {isa = PBXBuildFile; fileRef = C2CC28873C3B8BA7670F0BCD /* Pods_myBudgetUITests.framework */; };
		A15F4EE8B1E97F73CFAB03CE /* Pods_myBudget.framework in Frameworks */ = {isa = PBXBuildFile; fileRef = AD9FF78964CFEDD2241BD17E /* Pods_myBudget.framework */; };
		B891694AB69CA255C5B5C1CA /* Pods_myBudgetTests.framework in Frameworks */ = {isa = PBXBuildFile; fileRef = D46995B17951D8ADE4D9067D /* Pods_myBudgetTests.framework */; };
/* End PBXBuildFile section */

/* Begin PBXContainerItemProxy section */
		34A294772087DEEC004EEA33 /* PBXContainerItemProxy */ = {
			isa = PBXContainerItemProxy;
			containerPortal = 34A2945A2087DEEC004EEA33 /* Project object */;
			proxyType = 1;
			remoteGlobalIDString = 34A294612087DEEC004EEA33;
			remoteInfo = myBudget;
		};
		34A294822087DEEC004EEA33 /* PBXContainerItemProxy */ = {
			isa = PBXContainerItemProxy;
			containerPortal = 34A2945A2087DEEC004EEA33 /* Project object */;
			proxyType = 1;
			remoteGlobalIDString = 34A294612087DEEC004EEA33;
			remoteInfo = myBudget;
		};
/* End PBXContainerItemProxy section */

/* Begin PBXFileReference section */
		038905795CCFE683E534F4E5 /* Pods-myBudgetTests.release.xcconfig */ = {isa = PBXFileReference; includeInIndex = 1; lastKnownFileType = text.xcconfig; name = "Pods-myBudgetTests.release.xcconfig"; path = "Pods/Target Support Files/Pods-myBudgetTests/Pods-myBudgetTests.release.xcconfig"; sourceTree = "<group>"; };
		1F9476B5AEA30188F0235828 /* Pods-myBudget.release.xcconfig */ = {isa = PBXFileReference; includeInIndex = 1; lastKnownFileType = text.xcconfig; name = "Pods-myBudget.release.xcconfig"; path = "Pods/Target Support Files/Pods-myBudget/Pods-myBudget.release.xcconfig"; sourceTree = "<group>"; };
		3438CA43208B7E1F0016C307 /* URLQueryEncoder.swift */ = {isa = PBXFileReference; lastKnownFileType = sourcecode.swift; path = URLQueryEncoder.swift; sourceTree = "<group>"; };
		34A294622087DEEC004EEA33 /* myBudget.app */ = {isa = PBXFileReference; explicitFileType = wrapper.application; includeInIndex = 0; path = myBudget.app; sourceTree = BUILT_PRODUCTS_DIR; };
		34A294652087DEEC004EEA33 /* AppDelegate.swift */ = {isa = PBXFileReference; lastKnownFileType = sourcecode.swift; path = AppDelegate.swift; sourceTree = "<group>"; };
		34A294672087DEEC004EEA33 /* LoginViewController.swift */ = {isa = PBXFileReference; lastKnownFileType = sourcecode.swift; path = LoginViewController.swift; sourceTree = "<group>"; };
		34A2946A2087DEEC004EEA33 /* Base */ = {isa = PBXFileReference; lastKnownFileType = file.storyboard; name = Base; path = Base.lproj/Main.storyboard; sourceTree = "<group>"; };
		34A2946C2087DEEC004EEA33 /* Assets.xcassets */ = {isa = PBXFileReference; lastKnownFileType = folder.assetcatalog; path = Assets.xcassets; sourceTree = "<group>"; };
		34A2946F2087DEEC004EEA33 /* Base */ = {isa = PBXFileReference; lastKnownFileType = file.storyboard; name = Base; path = Base.lproj/LaunchScreen.storyboard; sourceTree = "<group>"; };
		34A294712087DEEC004EEA33 /* Info.plist */ = {isa = PBXFileReference; lastKnownFileType = text.plist.xml; path = Info.plist; sourceTree = "<group>"; };
		34A294762087DEEC004EEA33 /* myBudgetTests.xctest */ = {isa = PBXFileReference; explicitFileType = wrapper.cfbundle; includeInIndex = 0; path = myBudgetTests.xctest; sourceTree = BUILT_PRODUCTS_DIR; };
		34A2947A2087DEEC004EEA33 /* myBudgetTests.swift */ = {isa = PBXFileReference; lastKnownFileType = sourcecode.swift; path = myBudgetTests.swift; sourceTree = "<group>"; };
		34A2947C2087DEEC004EEA33 /* Info.plist */ = {isa = PBXFileReference; lastKnownFileType = text.plist.xml; path = Info.plist; sourceTree = "<group>"; };
		34A294812087DEEC004EEA33 /* myBudgetUITests.xctest */ = {isa = PBXFileReference; explicitFileType = wrapper.cfbundle; includeInIndex = 0; path = myBudgetUITests.xctest; sourceTree = BUILT_PRODUCTS_DIR; };
		34A294852087DEEC004EEA33 /* myBudgetUITests.swift */ = {isa = PBXFileReference; lastKnownFileType = sourcecode.swift; path = myBudgetUITests.swift; sourceTree = "<group>"; };
		34A294872087DEEC004EEA33 /* Info.plist */ = {isa = PBXFileReference; lastKnownFileType = text.plist.xml; path = Info.plist; sourceTree = "<group>"; };
		34A294952087E023004EEA33 /* RoundedButton.swift */ = {isa = PBXFileReference; lastKnownFileType = sourcecode.swift; path = RoundedButton.swift; sourceTree = "<group>"; };
		34A294972087E614004EEA33 /* RoundedTextField.swift */ = {isa = PBXFileReference; lastKnownFileType = sourcecode.swift; path = RoundedTextField.swift; sourceTree = "<group>"; };
		34A2949A2087ECA0004EEA33 /* UIViewController+UITextField.swift */ = {isa = PBXFileReference; lastKnownFileType = sourcecode.swift; path = "UIViewController+UITextField.swift"; sourceTree = "<group>"; };
		34A294A02087FAC7004EEA33 /* AccountService.swift */ = {isa = PBXFileReference; lastKnownFileType = sourcecode.swift; path = AccountService.swift; sourceTree = "<group>"; };
		34A294A32087FB5B004EEA33 /* Result.swift */ = {isa = PBXFileReference; lastKnownFileType = sourcecode.swift; path = Result.swift; sourceTree = "<group>"; };
		34A294A52087FD3A004EEA33 /* AuthService.swift */ = {isa = PBXFileReference; lastKnownFileType = sourcecode.swift; path = AuthService.swift; sourceTree = "<group>"; };
		34A294A72087FEA4004EEA33 /* MovementService.swift */ = {isa = PBXFileReference; lastKnownFileType = sourcecode.swift; path = MovementService.swift; sourceTree = "<group>"; };
		34A294A920880008004EEA33 /* PendingInvitesService.swift */ = {isa = PBXFileReference; lastKnownFileType = sourcecode.swift; path = PendingInvitesService.swift; sourceTree = "<group>"; };
		34A294AB20880218004EEA33 /* ApiClient.swift */ = {isa = PBXFileReference; lastKnownFileType = sourcecode.swift; path = ApiClient.swift; sourceTree = "<group>"; };
		34A294AE20880417004EEA33 /* LoginRequest.swift */ = {isa = PBXFileReference; lastKnownFileType = sourcecode.swift; path = LoginRequest.swift; sourceTree = "<group>"; };
		34A294B12088044C004EEA33 /* JwtAuthenticationResponse.swift */ = {isa = PBXFileReference; lastKnownFileType = sourcecode.swift; path = JwtAuthenticationResponse.swift; sourceTree = "<group>"; };
		34A294B3208804B1004EEA33 /* User.swift */ = {isa = PBXFileReference; lastKnownFileType = sourcecode.swift; path = User.swift; sourceTree = "<group>"; };
		34A294B52088063E004EEA33 /* Account.swift */ = {isa = PBXFileReference; lastKnownFileType = sourcecode.swift; path = Account.swift; sourceTree = "<group>"; };
		34A294B720880840004EEA33 /* MyBudgetApiClient.swift */ = {isa = PBXFileReference; lastKnownFileType = sourcecode.swift; path = MyBudgetApiClient.swift; sourceTree = "<group>"; };
		34A294B92088A278004EEA33 /* ApiError.swift */ = {isa = PBXFileReference; lastKnownFileType = sourcecode.swift; path = ApiError.swift; sourceTree = "<group>"; };
		34A294BB2088A681004EEA33 /* LoginResult.swift */ = {isa = PBXFileReference; lastKnownFileType = sourcecode.swift; path = LoginResult.swift; sourceTree = "<group>"; };
		34A294BE2088B36E004EEA33 /* HeaderBox.swift */ = {isa = PBXFileReference; lastKnownFileType = sourcecode.swift; path = HeaderBox.swift; sourceTree = "<group>"; };
		34A294C02088B512004EEA33 /* UIView+EasyAnchor.swift */ = {isa = PBXFileReference; lastKnownFileType = sourcecode.swift; path = "UIView+EasyAnchor.swift"; sourceTree = "<group>"; };
		34A294C32088C1E8004EEA33 /* Colors.swift */ = {isa = PBXFileReference; lastKnownFileType = sourcecode.swift; path = Colors.swift; sourceTree = "<group>"; };
		34A294C52088CD3F004EEA33 /* Movement.swift */ = {isa = PBXFileReference; lastKnownFileType = sourcecode.swift; path = Movement.swift; sourceTree = "<group>"; };
		34A294C72088D003004EEA33 /* GetAccountDetailsRequest.swift */ = {isa = PBXFileReference; lastKnownFileType = sourcecode.swift; path = GetAccountDetailsRequest.swift; sourceTree = "<group>"; };
		34A294C92088D0F7004EEA33 /* AccountDetails.swift */ = {isa = PBXFileReference; lastKnownFileType = sourcecode.swift; path = AccountDetails.swift; sourceTree = "<group>"; };
		34A294CB20890A6D004EEA33 /* URLPathEncoder.swift */ = {isa = PBXFileReference; lastKnownFileType = sourcecode.swift; path = URLPathEncoder.swift; sourceTree = "<group>"; };
		34A294CD20890B6A004EEA33 /* HTTPParameter.swift */ = {isa = PBXFileReference; lastKnownFileType = sourcecode.swift; path = HTTPParameter.swift; sourceTree = "<group>"; };
		34A294F820892E37004EEA33 /* Networking.swift */ = {isa = PBXFileReference; lastKnownFileType = sourcecode.swift; path = Networking.swift; sourceTree = "<group>"; };
		34A294FA2089350F004EEA33 /* MainViewController.swift */ = {isa = PBXFileReference; lastKnownFileType = sourcecode.swift; path = MainViewController.swift; sourceTree = "<group>"; };
		34A294FD208939E8004EEA33 /* Currency.swift */ = {isa = PBXFileReference; lastKnownFileType = sourcecode.swift; path = Currency.swift; sourceTree = "<group>"; };
		34A29503208A35E5004EEA33 /* RegisterRequest.swift */ = {isa = PBXFileReference; lastKnownFileType = sourcecode.swift; path = RegisterRequest.swift; sourceTree = "<group>"; };
		34A29506208A3C07004EEA33 /* GetAllRequest.swift */ = {isa = PBXFileReference; lastKnownFileType = sourcecode.swift; path = GetAllRequest.swift; sourceTree = "<group>"; };
		34A29508208A3C66004EEA33 /* SearchUserRequest.swift */ = {isa = PBXFileReference; lastKnownFileType = sourcecode.swift; path = SearchUserRequest.swift; sourceTree = "<group>"; };
		34A2950A208A3DDE004EEA33 /* InviteUserRequest.swift */ = {isa = PBXFileReference; lastKnownFileType = sourcecode.swift; path = InviteUserRequest.swift; sourceTree = "<group>"; };
		34A2950C208A3F1C004EEA33 /* EditAccountRequest.swift */ = {isa = PBXFileReference; lastKnownFileType = sourcecode.swift; path = EditAccountRequest.swift; sourceTree = "<group>"; };
		34A2950E208A4115004EEA33 /* InsertAccountRequest.swift */ = {isa = PBXFileReference; lastKnownFileType = sourcecode.swift; path = InsertAccountRequest.swift; sourceTree = "<group>"; };
		34C1816E208DE802009DBA14 /* Percent.swift */ = {isa = PBXFileReference; lastKnownFileType = sourcecode.swift; path = Percent.swift; sourceTree = "<group>"; };
		34EC4473208D51BA00CB6D16 /* Endpoint.swift */ = {isa = PBXFileReference; lastKnownFileType = sourcecode.swift; path = Endpoint.swift; sourceTree = "<group>"; };
		34EC4475208D56B000CB6D16 /* ChartView.swift */ = {isa = PBXFileReference; lastKnownFileType = sourcecode.swift; path = ChartView.swift; sourceTree = "<group>"; };
		5DE021F53BC2D951ED18342E /* Pods-myBudgetUITests.release.xcconfig */ = {isa = PBXFileReference; includeInIndex = 1; lastKnownFileType = text.xcconfig; name = "Pods-myBudgetUITests.release.xcconfig"; path = "Pods/Target Support Files/Pods-myBudgetUITests/Pods-myBudgetUITests.release.xcconfig"; sourceTree = "<group>"; };
		AD9FF78964CFEDD2241BD17E /* Pods_myBudget.framework */ = {isa = PBXFileReference; explicitFileType = wrapper.framework; includeInIndex = 0; path = Pods_myBudget.framework; sourceTree = BUILT_PRODUCTS_DIR; };
		ADE6FE3683AFEDE8BDCE4E11 /* Pods-myBudget.debug.xcconfig */ = {isa = PBXFileReference; includeInIndex = 1; lastKnownFileType = text.xcconfig; name = "Pods-myBudget.debug.xcconfig"; path = "Pods/Target Support Files/Pods-myBudget/Pods-myBudget.debug.xcconfig"; sourceTree = "<group>"; };
		C2CC28873C3B8BA7670F0BCD /* Pods_myBudgetUITests.framework */ = {isa = PBXFileReference; explicitFileType = wrapper.framework; includeInIndex = 0; path = Pods_myBudgetUITests.framework; sourceTree = BUILT_PRODUCTS_DIR; };
		D46995B17951D8ADE4D9067D /* Pods_myBudgetTests.framework */ = {isa = PBXFileReference; explicitFileType = wrapper.framework; includeInIndex = 0; path = Pods_myBudgetTests.framework; sourceTree = BUILT_PRODUCTS_DIR; };
		E33877AAE1566D21938BE3B0 /* Pods-myBudgetUITests.debug.xcconfig */ = {isa = PBXFileReference; includeInIndex = 1; lastKnownFileType = text.xcconfig; name = "Pods-myBudgetUITests.debug.xcconfig"; path = "Pods/Target Support Files/Pods-myBudgetUITests/Pods-myBudgetUITests.debug.xcconfig"; sourceTree = "<group>"; };
		F06ED310B7762E59D2165944 /* Pods-myBudgetTests.debug.xcconfig */ = {isa = PBXFileReference; includeInIndex = 1; lastKnownFileType = text.xcconfig; name = "Pods-myBudgetTests.debug.xcconfig"; path = "Pods/Target Support Files/Pods-myBudgetTests/Pods-myBudgetTests.debug.xcconfig"; sourceTree = "<group>"; };
/* End PBXFileReference section */

/* Begin PBXFrameworksBuildPhase section */
		34A2945F2087DEEC004EEA33 /* Frameworks */ = {
			isa = PBXFrameworksBuildPhase;
			buildActionMask = 2147483647;
			files = (
				A15F4EE8B1E97F73CFAB03CE /* Pods_myBudget.framework in Frameworks */,
			);
			runOnlyForDeploymentPostprocessing = 0;
		};
		34A294732087DEEC004EEA33 /* Frameworks */ = {
			isa = PBXFrameworksBuildPhase;
			buildActionMask = 2147483647;
			files = (
				B891694AB69CA255C5B5C1CA /* Pods_myBudgetTests.framework in Frameworks */,
			);
			runOnlyForDeploymentPostprocessing = 0;
		};
		34A2947E2087DEEC004EEA33 /* Frameworks */ = {
			isa = PBXFrameworksBuildPhase;
			buildActionMask = 2147483647;
			files = (
				817A8723A97403FB76DD604A /* Pods_myBudgetUITests.framework in Frameworks */,
			);
			runOnlyForDeploymentPostprocessing = 0;
		};
/* End PBXFrameworksBuildPhase section */

/* Begin PBXGroup section */
		34A294592087DEEC004EEA33 = {
			isa = PBXGroup;
			children = (
				34A294642087DEEC004EEA33 /* myBudget */,
				34A294792087DEEC004EEA33 /* myBudgetTests */,
				34A294842087DEEC004EEA33 /* myBudgetUITests */,
				34A294632087DEEC004EEA33 /* Products */,
				DF22C3B1E10DFF543A2FB3DC /* Pods */,
				9F77D775619FF1DA8507639F /* Frameworks */,
			);
			sourceTree = "<group>";
		};
		34A294632087DEEC004EEA33 /* Products */ = {
			isa = PBXGroup;
			children = (
				34A294622087DEEC004EEA33 /* myBudget.app */,
				34A294762087DEEC004EEA33 /* myBudgetTests.xctest */,
				34A294812087DEEC004EEA33 /* myBudgetUITests.xctest */,
			);
			name = Products;
			sourceTree = "<group>";
		};
		34A294642087DEEC004EEA33 /* myBudget */ = {
			isa = PBXGroup;
			children = (
				34A294FF208A33D4004EEA33 /* nogit */,
				34A294C22088BC61004EEA33 /* theme */,
				34A2949E2087F062004EEA33 /* rest */,
				34A2949D2087F05B004EEA33 /* controller */,
				34A2949C2087F020004EEA33 /* viewcontrollers */,
				34A294992087EC8B004EEA33 /* utils */,
				34A294942087DF14004EEA33 /* layout */,
				34A294932087DF0B004EEA33 /* views */,
				34A294652087DEEC004EEA33 /* AppDelegate.swift */,
				34A294692087DEEC004EEA33 /* Main.storyboard */,
				34A2946C2087DEEC004EEA33 /* Assets.xcassets */,
				34A2946E2087DEEC004EEA33 /* LaunchScreen.storyboard */,
				34A294712087DEEC004EEA33 /* Info.plist */,
			);
			path = myBudget;
			sourceTree = "<group>";
		};
		34A294792087DEEC004EEA33 /* myBudgetTests */ = {
			isa = PBXGroup;
			children = (
				34A2947A2087DEEC004EEA33 /* myBudgetTests.swift */,
				34A2947C2087DEEC004EEA33 /* Info.plist */,
			);
			path = myBudgetTests;
			sourceTree = "<group>";
		};
		34A294842087DEEC004EEA33 /* myBudgetUITests */ = {
			isa = PBXGroup;
			children = (
				34A294852087DEEC004EEA33 /* myBudgetUITests.swift */,
				34A294872087DEEC004EEA33 /* Info.plist */,
			);
			path = myBudgetUITests;
			sourceTree = "<group>";
		};
		34A294932087DF0B004EEA33 /* views */ = {
			isa = PBXGroup;
			children = (
				34C18171208E0527009DBA14 /* components */,
				34C18170208E0508009DBA14 /* library */,
			);
			path = views;
			sourceTree = "<group>";
		};
		34A294942087DF14004EEA33 /* layout */ = {
			isa = PBXGroup;
			children = (
				34A294952087E023004EEA33 /* RoundedButton.swift */,
				34A294972087E614004EEA33 /* RoundedTextField.swift */,
			);
			path = layout;
			sourceTree = "<group>";
		};
		34A294992087EC8B004EEA33 /* utils */ = {
			isa = PBXGroup;
			children = (
				34C1816D208DE7F6009DBA14 /* double */,
				34A294FC208939DE004EEA33 /* string */,
				34A2949A2087ECA0004EEA33 /* UIViewController+UITextField.swift */,
			);
			path = utils;
			sourceTree = "<group>";
		};
		34A2949C2087F020004EEA33 /* viewcontrollers */ = {
			isa = PBXGroup;
			children = (
				34A294672087DEEC004EEA33 /* LoginViewController.swift */,
				34A294FA2089350F004EEA33 /* MainViewController.swift */,
			);
			path = viewcontrollers;
			sourceTree = "<group>";
		};
		34A2949D2087F05B004EEA33 /* controller */ = {
			isa = PBXGroup;
			children = (
			);
			path = controller;
			sourceTree = "<group>";
		};
		34A2949E2087F062004EEA33 /* rest */ = {
			isa = PBXGroup;
			children = (
				34A294F72089284A004EEA33 /* library */,
				34A294B02088043B004EEA33 /* model */,
				34A294AD20880405004EEA33 /* requests */,
				34A294B720880840004EEA33 /* MyBudgetApiClient.swift */,
			);
			path = rest;
			sourceTree = "<group>";
		};
		34A2949F2087F0BA004EEA33 /* api */ = {
			isa = PBXGroup;
			children = (
				34A294A02087FAC7004EEA33 /* AccountService.swift */,
				34A294A52087FD3A004EEA33 /* AuthService.swift */,
				34A294A72087FEA4004EEA33 /* MovementService.swift */,
				34A294A920880008004EEA33 /* PendingInvitesService.swift */,
			);
			path = api;
			sourceTree = "<group>";
		};
		34A294A22087FB4F004EEA33 /* util */ = {
			isa = PBXGroup;
			children = (
				34A294A32087FB5B004EEA33 /* Result.swift */,
				34A294CB20890A6D004EEA33 /* URLPathEncoder.swift */,
				34A294CD20890B6A004EEA33 /* HTTPParameter.swift */,
				3438CA43208B7E1F0016C307 /* URLQueryEncoder.swift */,
			);
			path = util;
			sourceTree = "<group>";
		};
		34A294AD20880405004EEA33 /* requests */ = {
			isa = PBXGroup;
			children = (
				34A29505208A3BF7004EEA33 /* account */,
				34A29502208A35CE004EEA33 /* auth */,
			);
			path = requests;
			sourceTree = "<group>";
		};
		34A294B02088043B004EEA33 /* model */ = {
			isa = PBXGroup;
			children = (
				34A294B12088044C004EEA33 /* JwtAuthenticationResponse.swift */,
				34A294B3208804B1004EEA33 /* User.swift */,
				34A294B52088063E004EEA33 /* Account.swift */,
				34A294BB2088A681004EEA33 /* LoginResult.swift */,
				34A294C52088CD3F004EEA33 /* Movement.swift */,
				34A294C92088D0F7004EEA33 /* AccountDetails.swift */,
			);
			path = model;
			sourceTree = "<group>";
		};
		34A294C22088BC61004EEA33 /* theme */ = {
			isa = PBXGroup;
			children = (
				34A294C32088C1E8004EEA33 /* Colors.swift */,
			);
			path = theme;
			sourceTree = "<group>";
		};
		34A294F72089284A004EEA33 /* library */ = {
			isa = PBXGroup;
			children = (
				34A294A22087FB4F004EEA33 /* util */,
				34A294AB20880218004EEA33 /* ApiClient.swift */,
				34A294B92088A278004EEA33 /* ApiError.swift */,
				34A294F820892E37004EEA33 /* Networking.swift */,
				34EC4473208D51BA00CB6D16 /* Endpoint.swift */,
			);
			path = library;
			sourceTree = "<group>";
		};
		34A294FC208939DE004EEA33 /* string */ = {
			isa = PBXGroup;
			children = (
				34A294FD208939E8004EEA33 /* Currency.swift */,
			);
			path = string;
			sourceTree = "<group>";
		};
		34A294FF208A33D4004EEA33 /* nogit */ = {
			isa = PBXGroup;
			children = (
				34A2949F2087F0BA004EEA33 /* api */,
			);
			path = nogit;
			sourceTree = "<group>";
		};
		34A29502208A35CE004EEA33 /* auth */ = {
			isa = PBXGroup;
			children = (
				34A294AE20880417004EEA33 /* LoginRequest.swift */,
				34A29503208A35E5004EEA33 /* RegisterRequest.swift */,
			);
			path = auth;
			sourceTree = "<group>";
		};
		34A29505208A3BF7004EEA33 /* account */ = {
			isa = PBXGroup;
			children = (
				34A294C72088D003004EEA33 /* GetAccountDetailsRequest.swift */,
				34A29506208A3C07004EEA33 /* GetAllRequest.swift */,
				34A29508208A3C66004EEA33 /* SearchUserRequest.swift */,
				34A2950A208A3DDE004EEA33 /* InviteUserRequest.swift */,
				34A2950C208A3F1C004EEA33 /* EditAccountRequest.swift */,
				34A2950E208A4115004EEA33 /* InsertAccountRequest.swift */,
			);
			path = account;
			sourceTree = "<group>";
		};
		34C1816D208DE7F6009DBA14 /* double */ = {
			isa = PBXGroup;
			children = (
				34C1816E208DE802009DBA14 /* Percent.swift */,
			);
			path = double;
			sourceTree = "<group>";
		};
		34C18170208E0508009DBA14 /* library */ = {
			isa = PBXGroup;
			children = (
				34A294BE2088B36E004EEA33 /* HeaderBox.swift */,
				34A294C02088B512004EEA33 /* UIView+EasyAnchor.swift */,
				34EC4475208D56B000CB6D16 /* ChartView.swift */,
			);
			path = library;
			sourceTree = "<group>";
		};
		34C18171208E0527009DBA14 /* components */ = {
			isa = PBXGroup;
			children = (
			);
			path = components;
			sourceTree = "<group>";
		};
		9F77D775619FF1DA8507639F /* Frameworks */ = {
			isa = PBXGroup;
			children = (
				AD9FF78964CFEDD2241BD17E /* Pods_myBudget.framework */,
				D46995B17951D8ADE4D9067D /* Pods_myBudgetTests.framework */,
				C2CC28873C3B8BA7670F0BCD /* Pods_myBudgetUITests.framework */,
			);
			name = Frameworks;
			sourceTree = "<group>";
		};
		DF22C3B1E10DFF543A2FB3DC /* Pods */ = {
			isa = PBXGroup;
			children = (
				ADE6FE3683AFEDE8BDCE4E11 /* Pods-myBudget.debug.xcconfig */,
				1F9476B5AEA30188F0235828 /* Pods-myBudget.release.xcconfig */,
				F06ED310B7762E59D2165944 /* Pods-myBudgetTests.debug.xcconfig */,
				038905795CCFE683E534F4E5 /* Pods-myBudgetTests.release.xcconfig */,
				E33877AAE1566D21938BE3B0 /* Pods-myBudgetUITests.debug.xcconfig */,
				5DE021F53BC2D951ED18342E /* Pods-myBudgetUITests.release.xcconfig */,
			);
			name = Pods;
			sourceTree = "<group>";
		};
/* End PBXGroup section */

/* Begin PBXNativeTarget section */
		34A294612087DEEC004EEA33 /* myBudget */ = {
			isa = PBXNativeTarget;
			buildConfigurationList = 34A2948A2087DEEC004EEA33 /* Build configuration list for PBXNativeTarget "myBudget" */;
			buildPhases = (
				4B40EBDC9926634F90F8A90B /* [CP] Check Pods Manifest.lock */,
				34A2945E2087DEEC004EEA33 /* Sources */,
				34A2945F2087DEEC004EEA33 /* Frameworks */,
				34A294602087DEEC004EEA33 /* Resources */,
				306CC8B99BEFE087E9390CE0 /* [CP] Embed Pods Frameworks */,
			);
			buildRules = (
			);
			dependencies = (
			);
			name = myBudget;
			productName = myBudget;
			productReference = 34A294622087DEEC004EEA33 /* myBudget.app */;
			productType = "com.apple.product-type.application";
		};
		34A294752087DEEC004EEA33 /* myBudgetTests */ = {
			isa = PBXNativeTarget;
			buildConfigurationList = 34A2948D2087DEEC004EEA33 /* Build configuration list for PBXNativeTarget "myBudgetTests" */;
			buildPhases = (
				3C6BABE9C9FAD7FE46ED78D3 /* [CP] Check Pods Manifest.lock */,
				34A294722087DEEC004EEA33 /* Sources */,
				34A294732087DEEC004EEA33 /* Frameworks */,
				34A294742087DEEC004EEA33 /* Resources */,
			);
			buildRules = (
			);
			dependencies = (
				34A294782087DEEC004EEA33 /* PBXTargetDependency */,
			);
			name = myBudgetTests;
			productName = myBudgetTests;
			productReference = 34A294762087DEEC004EEA33 /* myBudgetTests.xctest */;
			productType = "com.apple.product-type.bundle.unit-test";
		};
		34A294802087DEEC004EEA33 /* myBudgetUITests */ = {
			isa = PBXNativeTarget;
			buildConfigurationList = 34A294902087DEEC004EEA33 /* Build configuration list for PBXNativeTarget "myBudgetUITests" */;
			buildPhases = (
				F6A9FEF1334A7328F1ADFC79 /* [CP] Check Pods Manifest.lock */,
				34A2947D2087DEEC004EEA33 /* Sources */,
				34A2947E2087DEEC004EEA33 /* Frameworks */,
				34A2947F2087DEEC004EEA33 /* Resources */,
			);
			buildRules = (
			);
			dependencies = (
				34A294832087DEEC004EEA33 /* PBXTargetDependency */,
			);
			name = myBudgetUITests;
			productName = myBudgetUITests;
			productReference = 34A294812087DEEC004EEA33 /* myBudgetUITests.xctest */;
			productType = "com.apple.product-type.bundle.ui-testing";
		};
/* End PBXNativeTarget section */

/* Begin PBXProject section */
		34A2945A2087DEEC004EEA33 /* Project object */ = {
			isa = PBXProject;
			attributes = {
				LastSwiftUpdateCheck = 0920;
				LastUpgradeCheck = 0920;
				ORGANIZATIONNAME = "Ruggiero Altini";
				TargetAttributes = {
					34A294612087DEEC004EEA33 = {
						CreatedOnToolsVersion = 9.2;
						ProvisioningStyle = Automatic;
					};
					34A294752087DEEC004EEA33 = {
						CreatedOnToolsVersion = 9.2;
						ProvisioningStyle = Automatic;
						TestTargetID = 34A294612087DEEC004EEA33;
					};
					34A294802087DEEC004EEA33 = {
						CreatedOnToolsVersion = 9.2;
						ProvisioningStyle = Automatic;
						TestTargetID = 34A294612087DEEC004EEA33;
					};
				};
			};
			buildConfigurationList = 34A2945D2087DEEC004EEA33 /* Build configuration list for PBXProject "myBudget" */;
			compatibilityVersion = "Xcode 8.0";
			developmentRegion = en;
			hasScannedForEncodings = 0;
			knownRegions = (
				en,
				Base,
			);
			mainGroup = 34A294592087DEEC004EEA33;
			productRefGroup = 34A294632087DEEC004EEA33 /* Products */;
			projectDirPath = "";
			projectRoot = "";
			targets = (
				34A294612087DEEC004EEA33 /* myBudget */,
				34A294752087DEEC004EEA33 /* myBudgetTests */,
				34A294802087DEEC004EEA33 /* myBudgetUITests */,
			);
		};
/* End PBXProject section */

/* Begin PBXResourcesBuildPhase section */
		34A294602087DEEC004EEA33 /* Resources */ = {
			isa = PBXResourcesBuildPhase;
			buildActionMask = 2147483647;
			files = (
				34A294702087DEEC004EEA33 /* LaunchScreen.storyboard in Resources */,
				34A2946D2087DEEC004EEA33 /* Assets.xcassets in Resources */,
				34A2946B2087DEEC004EEA33 /* Main.storyboard in Resources */,
			);
			runOnlyForDeploymentPostprocessing = 0;
		};
		34A294742087DEEC004EEA33 /* Resources */ = {
			isa = PBXResourcesBuildPhase;
			buildActionMask = 2147483647;
			files = (
			);
			runOnlyForDeploymentPostprocessing = 0;
		};
		34A2947F2087DEEC004EEA33 /* Resources */ = {
			isa = PBXResourcesBuildPhase;
			buildActionMask = 2147483647;
			files = (
			);
			runOnlyForDeploymentPostprocessing = 0;
		};
/* End PBXResourcesBuildPhase section */

/* Begin PBXShellScriptBuildPhase section */
		306CC8B99BEFE087E9390CE0 /* [CP] Embed Pods Frameworks */ = {
			isa = PBXShellScriptBuildPhase;
			buildActionMask = 2147483647;
			files = (
			);
			inputPaths = (
				"${SRCROOT}/Pods/Target Support Files/Pods-myBudget/Pods-myBudget-frameworks.sh",
				"${BUILT_PRODUCTS_DIR}/Bolts/Bolts.framework",
				"${BUILT_PRODUCTS_DIR}/Charts/Charts.framework",
				"${BUILT_PRODUCTS_DIR}/FBSDKCoreKit/FBSDKCoreKit.framework",
				"${BUILT_PRODUCTS_DIR}/FBSDKLoginKit/FBSDKLoginKit.framework",
			);
			name = "[CP] Embed Pods Frameworks";
			outputPaths = (
				"${TARGET_BUILD_DIR}/${FRAMEWORKS_FOLDER_PATH}/Bolts.framework",
				"${TARGET_BUILD_DIR}/${FRAMEWORKS_FOLDER_PATH}/Charts.framework",
				"${TARGET_BUILD_DIR}/${FRAMEWORKS_FOLDER_PATH}/FBSDKCoreKit.framework",
				"${TARGET_BUILD_DIR}/${FRAMEWORKS_FOLDER_PATH}/FBSDKLoginKit.framework",
			);
			runOnlyForDeploymentPostprocessing = 0;
			shellPath = /bin/sh;
			shellScript = "\"${SRCROOT}/Pods/Target Support Files/Pods-myBudget/Pods-myBudget-frameworks.sh\"\n";
			showEnvVarsInLog = 0;
		};
		3C6BABE9C9FAD7FE46ED78D3 /* [CP] Check Pods Manifest.lock */ = {
			isa = PBXShellScriptBuildPhase;
			buildActionMask = 2147483647;
			files = (
			);
			inputPaths = (
				"${PODS_PODFILE_DIR_PATH}/Podfile.lock",
				"${PODS_ROOT}/Manifest.lock",
			);
			name = "[CP] Check Pods Manifest.lock";
			outputPaths = (
				"$(DERIVED_FILE_DIR)/Pods-myBudgetTests-checkManifestLockResult.txt",
			);
			runOnlyForDeploymentPostprocessing = 0;
			shellPath = /bin/sh;
			shellScript = "diff \"${PODS_PODFILE_DIR_PATH}/Podfile.lock\" \"${PODS_ROOT}/Manifest.lock\" > /dev/null\nif [ $? != 0 ] ; then\n    # print error to STDERR\n    echo \"error: The sandbox is not in sync with the Podfile.lock. Run 'pod install' or update your CocoaPods installation.\" >&2\n    exit 1\nfi\n# This output is used by Xcode 'outputs' to avoid re-running this script phase.\necho \"SUCCESS\" > \"${SCRIPT_OUTPUT_FILE_0}\"\n";
			showEnvVarsInLog = 0;
		};
		4B40EBDC9926634F90F8A90B /* [CP] Check Pods Manifest.lock */ = {
			isa = PBXShellScriptBuildPhase;
			buildActionMask = 2147483647;
			files = (
			);
			inputPaths = (
				"${PODS_PODFILE_DIR_PATH}/Podfile.lock",
				"${PODS_ROOT}/Manifest.lock",
			);
			name = "[CP] Check Pods Manifest.lock";
			outputPaths = (
				"$(DERIVED_FILE_DIR)/Pods-myBudget-checkManifestLockResult.txt",
			);
			runOnlyForDeploymentPostprocessing = 0;
			shellPath = /bin/sh;
			shellScript = "diff \"${PODS_PODFILE_DIR_PATH}/Podfile.lock\" \"${PODS_ROOT}/Manifest.lock\" > /dev/null\nif [ $? != 0 ] ; then\n    # print error to STDERR\n    echo \"error: The sandbox is not in sync with the Podfile.lock. Run 'pod install' or update your CocoaPods installation.\" >&2\n    exit 1\nfi\n# This output is used by Xcode 'outputs' to avoid re-running this script phase.\necho \"SUCCESS\" > \"${SCRIPT_OUTPUT_FILE_0}\"\n";
			showEnvVarsInLog = 0;
		};
		F6A9FEF1334A7328F1ADFC79 /* [CP] Check Pods Manifest.lock */ = {
			isa = PBXShellScriptBuildPhase;
			buildActionMask = 2147483647;
			files = (
			);
			inputPaths = (
				"${PODS_PODFILE_DIR_PATH}/Podfile.lock",
				"${PODS_ROOT}/Manifest.lock",
			);
			name = "[CP] Check Pods Manifest.lock";
			outputPaths = (
				"$(DERIVED_FILE_DIR)/Pods-myBudgetUITests-checkManifestLockResult.txt",
			);
			runOnlyForDeploymentPostprocessing = 0;
			shellPath = /bin/sh;
			shellScript = "diff \"${PODS_PODFILE_DIR_PATH}/Podfile.lock\" \"${PODS_ROOT}/Manifest.lock\" > /dev/null\nif [ $? != 0 ] ; then\n    # print error to STDERR\n    echo \"error: The sandbox is not in sync with the Podfile.lock. Run 'pod install' or update your CocoaPods installation.\" >&2\n    exit 1\nfi\n# This output is used by Xcode 'outputs' to avoid re-running this script phase.\necho \"SUCCESS\" > \"${SCRIPT_OUTPUT_FILE_0}\"\n";
			showEnvVarsInLog = 0;
		};
/* End PBXShellScriptBuildPhase section */

/* Begin PBXSourcesBuildPhase section */
		34A2945E2087DEEC004EEA33 /* Sources */ = {
			isa = PBXSourcesBuildPhase;
			buildActionMask = 2147483647;
			files = (
				34A29509208A3C66004EEA33 /* SearchUserRequest.swift in Sources */,
				34A294C62088CD3F004EEA33 /* Movement.swift in Sources */,
				34A2950F208A4115004EEA33 /* InsertAccountRequest.swift in Sources */,
				34A294AC20880218004EEA33 /* ApiClient.swift in Sources */,
				34A294CA2088D0F7004EEA33 /* AccountDetails.swift in Sources */,
				34A294CE20890B6A004EEA33 /* HTTPParameter.swift in Sources */,
				34A294BA2088A278004EEA33 /* ApiError.swift in Sources */,
				34A294682087DEEC004EEA33 /* LoginViewController.swift in Sources */,
				34A29507208A3C07004EEA33 /* GetAllRequest.swift in Sources */,
				34A294FE208939E8004EEA33 /* Currency.swift in Sources */,
				34A294A82087FEA4004EEA33 /* MovementService.swift in Sources */,
				34A294AF20880417004EEA33 /* LoginRequest.swift in Sources */,
				34A294CC20890A6D004EEA33 /* URLPathEncoder.swift in Sources */,
				34A294AA20880008004EEA33 /* PendingInvitesService.swift in Sources */,
				34A29504208A35E5004EEA33 /* RegisterRequest.swift in Sources */,
				34A294BF2088B36E004EEA33 /* HeaderBox.swift in Sources */,
				34A294BC2088A681004EEA33 /* LoginResult.swift in Sources */,
				34A294B62088063E004EEA33 /* Account.swift in Sources */,
				34A294FB2089350F004EEA33 /* MainViewController.swift in Sources */,
				34EC4474208D51BA00CB6D16 /* Endpoint.swift in Sources */,
				34EC4476208D56B000CB6D16 /* ChartView.swift in Sources */,
				34A294962087E023004EEA33 /* RoundedButton.swift in Sources */,
				34A294C42088C1E8004EEA33 /* Colors.swift in Sources */,
				34A294B4208804B1004EEA33 /* User.swift in Sources */,
				34A294C12088B512004EEA33 /* UIView+EasyAnchor.swift in Sources */,
				34A294662087DEEC004EEA33 /* AppDelegate.swift in Sources */,
				34A294A12087FAC7004EEA33 /* AccountService.swift in Sources */,
				3438CA44208B7E1F0016C307 /* URLQueryEncoder.swift in Sources */,
				34A294A42087FB5B004EEA33 /* Result.swift in Sources */,
				34A294C82088D003004EEA33 /* GetAccountDetailsRequest.swift in Sources */,
				34C1816F208DE802009DBA14 /* Percent.swift in Sources */,
				34A294B22088044C004EEA33 /* JwtAuthenticationResponse.swift in Sources */,
				34A294B820880840004EEA33 /* MyBudgetApiClient.swift in Sources */,
				34A2950B208A3DDE004EEA33 /* InviteUserRequest.swift in Sources */,
				34A294982087E614004EEA33 /* RoundedTextField.swift in Sources */,
				34A2949B2087ECA0004EEA33 /* UIViewController+UITextField.swift in Sources */,
				34A294A62087FD3A004EEA33 /* AuthService.swift in Sources */,
				34A294F920892E37004EEA33 /* Networking.swift in Sources */,
				34A2950D208A3F1D004EEA33 /* EditAccountRequest.swift in Sources */,
			);
			runOnlyForDeploymentPostprocessing = 0;
		};
		34A294722087DEEC004EEA33 /* Sources */ = {
			isa = PBXSourcesBuildPhase;
			buildActionMask = 2147483647;
			files = (
				34A294EB20890D20004EEA33 /* ApiClient.swift in Sources */,
				34A294E920890D20004EEA33 /* LoginRequest.swift in Sources */,
				34A294ED20890D20004EEA33 /* URLPathEncoder.swift in Sources */,
				34A294EF20890D20004EEA33 /* AccountService.swift in Sources */,
				34A294F220890D20004EEA33 /* PendingInvitesService.swift in Sources */,
				34A294E620890D20004EEA33 /* LoginResult.swift in Sources */,
				34A294E520890D20004EEA33 /* Account.swift in Sources */,
				34A294E820890D20004EEA33 /* AccountDetails.swift in Sources */,
				34A294E420890D20004EEA33 /* User.swift in Sources */,
				34A294EC20890D20004EEA33 /* Result.swift in Sources */,
				34A294EA20890D20004EEA33 /* GetAccountDetailsRequest.swift in Sources */,
				34A294E720890D20004EEA33 /* Movement.swift in Sources */,
				34A294F320890D20004EEA33 /* MyBudgetApiClient.swift in Sources */,
				34A294F420890D20004EEA33 /* ApiError.swift in Sources */,
				34A294F120890D20004EEA33 /* MovementService.swift in Sources */,
				34A294E320890D20004EEA33 /* JwtAuthenticationResponse.swift in Sources */,
				34A2947B2087DEEC004EEA33 /* myBudgetTests.swift in Sources */,
				34A294E220890D20004EEA33 /* Colors.swift in Sources */,
				34A294EE20890D20004EEA33 /* HTTPParameter.swift in Sources */,
				34A294F020890D20004EEA33 /* AuthService.swift in Sources */,
			);
			runOnlyForDeploymentPostprocessing = 0;
		};
		34A2947D2087DEEC004EEA33 /* Sources */ = {
			isa = PBXSourcesBuildPhase;
			buildActionMask = 2147483647;
			files = (
				34A294862087DEEC004EEA33 /* myBudgetUITests.swift in Sources */,
			);
			runOnlyForDeploymentPostprocessing = 0;
		};
/* End PBXSourcesBuildPhase section */

/* Begin PBXTargetDependency section */
		34A294782087DEEC004EEA33 /* PBXTargetDependency */ = {
			isa = PBXTargetDependency;
			target = 34A294612087DEEC004EEA33 /* myBudget */;
			targetProxy = 34A294772087DEEC004EEA33 /* PBXContainerItemProxy */;
		};
		34A294832087DEEC004EEA33 /* PBXTargetDependency */ = {
			isa = PBXTargetDependency;
			target = 34A294612087DEEC004EEA33 /* myBudget */;
			targetProxy = 34A294822087DEEC004EEA33 /* PBXContainerItemProxy */;
		};
/* End PBXTargetDependency section */

/* Begin PBXVariantGroup section */
		34A294692087DEEC004EEA33 /* Main.storyboard */ = {
			isa = PBXVariantGroup;
			children = (
				34A2946A2087DEEC004EEA33 /* Base */,
			);
			name = Main.storyboard;
			sourceTree = "<group>";
		};
		34A2946E2087DEEC004EEA33 /* LaunchScreen.storyboard */ = {
			isa = PBXVariantGroup;
			children = (
				34A2946F2087DEEC004EEA33 /* Base */,
			);
			name = LaunchScreen.storyboard;
			sourceTree = "<group>";
		};
/* End PBXVariantGroup section */

/* Begin XCBuildConfiguration section */
		34A294882087DEEC004EEA33 /* Debug */ = {
			isa = XCBuildConfiguration;
			buildSettings = {
				ALWAYS_SEARCH_USER_PATHS = NO;
				CLANG_ANALYZER_NONNULL = YES;
				CLANG_ANALYZER_NUMBER_OBJECT_CONVERSION = YES_AGGRESSIVE;
				CLANG_CXX_LANGUAGE_STANDARD = "gnu++14";
				CLANG_CXX_LIBRARY = "libc++";
				CLANG_ENABLE_MODULES = YES;
				CLANG_ENABLE_OBJC_ARC = YES;
				CLANG_WARN_BLOCK_CAPTURE_AUTORELEASING = YES;
				CLANG_WARN_BOOL_CONVERSION = YES;
				CLANG_WARN_COMMA = YES;
				CLANG_WARN_CONSTANT_CONVERSION = YES;
				CLANG_WARN_DIRECT_OBJC_ISA_USAGE = YES_ERROR;
				CLANG_WARN_DOCUMENTATION_COMMENTS = YES;
				CLANG_WARN_EMPTY_BODY = YES;
				CLANG_WARN_ENUM_CONVERSION = YES;
				CLANG_WARN_INFINITE_RECURSION = YES;
				CLANG_WARN_INT_CONVERSION = YES;
				CLANG_WARN_NON_LITERAL_NULL_CONVERSION = YES;
				CLANG_WARN_OBJC_LITERAL_CONVERSION = YES;
				CLANG_WARN_OBJC_ROOT_CLASS = YES_ERROR;
				CLANG_WARN_RANGE_LOOP_ANALYSIS = YES;
				CLANG_WARN_STRICT_PROTOTYPES = YES;
				CLANG_WARN_SUSPICIOUS_MOVE = YES;
				CLANG_WARN_UNGUARDED_AVAILABILITY = YES_AGGRESSIVE;
				CLANG_WARN_UNREACHABLE_CODE = YES;
				CLANG_WARN__DUPLICATE_METHOD_MATCH = YES;
				CODE_SIGN_IDENTITY = "iPhone Developer";
				COPY_PHASE_STRIP = NO;
				DEBUG_INFORMATION_FORMAT = dwarf;
				ENABLE_STRICT_OBJC_MSGSEND = YES;
				ENABLE_TESTABILITY = YES;
				GCC_C_LANGUAGE_STANDARD = gnu11;
				GCC_DYNAMIC_NO_PIC = NO;
				GCC_NO_COMMON_BLOCKS = YES;
				GCC_OPTIMIZATION_LEVEL = 0;
				GCC_PREPROCESSOR_DEFINITIONS = (
					"DEBUG=1",
					"$(inherited)",
				);
				GCC_WARN_64_TO_32_BIT_CONVERSION = YES;
				GCC_WARN_ABOUT_RETURN_TYPE = YES_ERROR;
				GCC_WARN_UNDECLARED_SELECTOR = YES;
				GCC_WARN_UNINITIALIZED_AUTOS = YES_AGGRESSIVE;
				GCC_WARN_UNUSED_FUNCTION = YES;
				GCC_WARN_UNUSED_VARIABLE = YES;
				IPHONEOS_DEPLOYMENT_TARGET = 11.2;
				MTL_ENABLE_DEBUG_INFO = YES;
				ONLY_ACTIVE_ARCH = YES;
				SDKROOT = iphoneos;
				SWIFT_ACTIVE_COMPILATION_CONDITIONS = DEBUG;
				SWIFT_OPTIMIZATION_LEVEL = "-Onone";
			};
			name = Debug;
		};
		34A294892087DEEC004EEA33 /* Release */ = {
			isa = XCBuildConfiguration;
			buildSettings = {
				ALWAYS_SEARCH_USER_PATHS = NO;
				CLANG_ANALYZER_NONNULL = YES;
				CLANG_ANALYZER_NUMBER_OBJECT_CONVERSION = YES_AGGRESSIVE;
				CLANG_CXX_LANGUAGE_STANDARD = "gnu++14";
				CLANG_CXX_LIBRARY = "libc++";
				CLANG_ENABLE_MODULES = YES;
				CLANG_ENABLE_OBJC_ARC = YES;
				CLANG_WARN_BLOCK_CAPTURE_AUTORELEASING = YES;
				CLANG_WARN_BOOL_CONVERSION = YES;
				CLANG_WARN_COMMA = YES;
				CLANG_WARN_CONSTANT_CONVERSION = YES;
				CLANG_WARN_DIRECT_OBJC_ISA_USAGE = YES_ERROR;
				CLANG_WARN_DOCUMENTATION_COMMENTS = YES;
				CLANG_WARN_EMPTY_BODY = YES;
				CLANG_WARN_ENUM_CONVERSION = YES;
				CLANG_WARN_INFINITE_RECURSION = YES;
				CLANG_WARN_INT_CONVERSION = YES;
				CLANG_WARN_NON_LITERAL_NULL_CONVERSION = YES;
				CLANG_WARN_OBJC_LITERAL_CONVERSION = YES;
				CLANG_WARN_OBJC_ROOT_CLASS = YES_ERROR;
				CLANG_WARN_RANGE_LOOP_ANALYSIS = YES;
				CLANG_WARN_STRICT_PROTOTYPES = YES;
				CLANG_WARN_SUSPICIOUS_MOVE = YES;
				CLANG_WARN_UNGUARDED_AVAILABILITY = YES_AGGRESSIVE;
				CLANG_WARN_UNREACHABLE_CODE = YES;
				CLANG_WARN__DUPLICATE_METHOD_MATCH = YES;
				CODE_SIGN_IDENTITY = "iPhone Developer";
				COPY_PHASE_STRIP = NO;
				DEBUG_INFORMATION_FORMAT = "dwarf-with-dsym";
				ENABLE_NS_ASSERTIONS = NO;
				ENABLE_STRICT_OBJC_MSGSEND = YES;
				GCC_C_LANGUAGE_STANDARD = gnu11;
				GCC_NO_COMMON_BLOCKS = YES;
				GCC_WARN_64_TO_32_BIT_CONVERSION = YES;
				GCC_WARN_ABOUT_RETURN_TYPE = YES_ERROR;
				GCC_WARN_UNDECLARED_SELECTOR = YES;
				GCC_WARN_UNINITIALIZED_AUTOS = YES_AGGRESSIVE;
				GCC_WARN_UNUSED_FUNCTION = YES;
				GCC_WARN_UNUSED_VARIABLE = YES;
				IPHONEOS_DEPLOYMENT_TARGET = 11.2;
				MTL_ENABLE_DEBUG_INFO = NO;
				SDKROOT = iphoneos;
				SWIFT_OPTIMIZATION_LEVEL = "-Owholemodule";
				VALIDATE_PRODUCT = YES;
			};
			name = Release;
		};
		34A2948B2087DEEC004EEA33 /* Debug */ = {
			isa = XCBuildConfiguration;
			baseConfigurationReference = ADE6FE3683AFEDE8BDCE4E11 /* Pods-myBudget.debug.xcconfig */;
			buildSettings = {
				ASSETCATALOG_COMPILER_APPICON_NAME = AppIcon;
				CODE_SIGN_STYLE = Automatic;
				DEVELOPMENT_TEAM = U9L48TP9TR;
				INFOPLIST_FILE = myBudget/Info.plist;
				LD_RUNPATH_SEARCH_PATHS = "$(inherited) @executable_path/Frameworks";
				PRODUCT_BUNDLE_IDENTIFIER = it.italiancoders.myBudget;
				PRODUCT_NAME = "$(TARGET_NAME)";
				SWIFT_VERSION = 4.0;
				TARGETED_DEVICE_FAMILY = "1,2";
			};
			name = Debug;
		};
		34A2948C2087DEEC004EEA33 /* Release */ = {
			isa = XCBuildConfiguration;
			baseConfigurationReference = 1F9476B5AEA30188F0235828 /* Pods-myBudget.release.xcconfig */;
			buildSettings = {
				ASSETCATALOG_COMPILER_APPICON_NAME = AppIcon;
				CODE_SIGN_STYLE = Automatic;
				DEVELOPMENT_TEAM = U9L48TP9TR;
				INFOPLIST_FILE = myBudget/Info.plist;
				LD_RUNPATH_SEARCH_PATHS = "$(inherited) @executable_path/Frameworks";
				PRODUCT_BUNDLE_IDENTIFIER = it.italiancoders.myBudget;
				PRODUCT_NAME = "$(TARGET_NAME)";
				SWIFT_VERSION = 4.0;
				TARGETED_DEVICE_FAMILY = "1,2";
			};
			name = Release;
		};
		34A2948E2087DEEC004EEA33 /* Debug */ = {
			isa = XCBuildConfiguration;
			baseConfigurationReference = F06ED310B7762E59D2165944 /* Pods-myBudgetTests.debug.xcconfig */;
			buildSettings = {
				ALWAYS_EMBED_SWIFT_STANDARD_LIBRARIES = YES;
				BUNDLE_LOADER = "$(TEST_HOST)";
				CODE_SIGN_STYLE = Automatic;
				DEVELOPMENT_TEAM = U9L48TP9TR;
				INFOPLIST_FILE = myBudgetTests/Info.plist;
				LD_RUNPATH_SEARCH_PATHS = "$(inherited) @executable_path/Frameworks @loader_path/Frameworks";
				PRODUCT_BUNDLE_IDENTIFIER = it.ruggieroaltini.myBudgetTests;
				PRODUCT_NAME = "$(TARGET_NAME)";
				SWIFT_VERSION = 4.0;
				TARGETED_DEVICE_FAMILY = "1,2";
				TEST_HOST = "$(BUILT_PRODUCTS_DIR)/myBudget.app/myBudget";
			};
			name = Debug;
		};
		34A2948F2087DEEC004EEA33 /* Release */ = {
			isa = XCBuildConfiguration;
			baseConfigurationReference = 038905795CCFE683E534F4E5 /* Pods-myBudgetTests.release.xcconfig */;
			buildSettings = {
				ALWAYS_EMBED_SWIFT_STANDARD_LIBRARIES = YES;
				BUNDLE_LOADER = "$(TEST_HOST)";
				CODE_SIGN_STYLE = Automatic;
				DEVELOPMENT_TEAM = U9L48TP9TR;
				INFOPLIST_FILE = myBudgetTests/Info.plist;
				LD_RUNPATH_SEARCH_PATHS = "$(inherited) @executable_path/Frameworks @loader_path/Frameworks";
				PRODUCT_BUNDLE_IDENTIFIER = it.ruggieroaltini.myBudgetTests;
				PRODUCT_NAME = "$(TARGET_NAME)";
				SWIFT_VERSION = 4.0;
				TARGETED_DEVICE_FAMILY = "1,2";
				TEST_HOST = "$(BUILT_PRODUCTS_DIR)/myBudget.app/myBudget";
			};
			name = Release;
		};
		34A294912087DEEC004EEA33 /* Debug */ = {
			isa = XCBuildConfiguration;
			baseConfigurationReference = E33877AAE1566D21938BE3B0 /* Pods-myBudgetUITests.debug.xcconfig */;
			buildSettings = {
				ALWAYS_EMBED_SWIFT_STANDARD_LIBRARIES = YES;
				CODE_SIGN_STYLE = Automatic;
				DEVELOPMENT_TEAM = U9L48TP9TR;
				INFOPLIST_FILE = myBudgetUITests/Info.plist;
				LD_RUNPATH_SEARCH_PATHS = "$(inherited) @executable_path/Frameworks @loader_path/Frameworks";
				PRODUCT_BUNDLE_IDENTIFIER = it.ruggieroaltini.myBudgetUITests;
				PRODUCT_NAME = "$(TARGET_NAME)";
				SWIFT_VERSION = 4.0;
				TARGETED_DEVICE_FAMILY = "1,2";
				TEST_TARGET_NAME = myBudget;
			};
			name = Debug;
		};
		34A294922087DEEC004EEA33 /* Release */ = {
			isa = XCBuildConfiguration;
			baseConfigurationReference = 5DE021F53BC2D951ED18342E /* Pods-myBudgetUITests.release.xcconfig */;
			buildSettings = {
				ALWAYS_EMBED_SWIFT_STANDARD_LIBRARIES = YES;
				CODE_SIGN_STYLE = Automatic;
				DEVELOPMENT_TEAM = U9L48TP9TR;
				INFOPLIST_FILE = myBudgetUITests/Info.plist;
				LD_RUNPATH_SEARCH_PATHS = "$(inherited) @executable_path/Frameworks @loader_path/Frameworks";
				PRODUCT_BUNDLE_IDENTIFIER = it.ruggieroaltini.myBudgetUITests;
				PRODUCT_NAME = "$(TARGET_NAME)";
				SWIFT_VERSION = 4.0;
				TARGETED_DEVICE_FAMILY = "1,2";
				TEST_TARGET_NAME = myBudget;
			};
			name = Release;
		};
/* End XCBuildConfiguration section */

/* Begin XCConfigurationList section */
		34A2945D2087DEEC004EEA33 /* Build configuration list for PBXProject "myBudget" */ = {
			isa = XCConfigurationList;
			buildConfigurations = (
				34A294882087DEEC004EEA33 /* Debug */,
				34A294892087DEEC004EEA33 /* Release */,
			);
			defaultConfigurationIsVisible = 0;
			defaultConfigurationName = Release;
		};
		34A2948A2087DEEC004EEA33 /* Build configuration list for PBXNativeTarget "myBudget" */ = {
			isa = XCConfigurationList;
			buildConfigurations = (
				34A2948B2087DEEC004EEA33 /* Debug */,
				34A2948C2087DEEC004EEA33 /* Release */,
			);
			defaultConfigurationIsVisible = 0;
			defaultConfigurationName = Release;
		};
		34A2948D2087DEEC004EEA33 /* Build configuration list for PBXNativeTarget "myBudgetTests" */ = {
			isa = XCConfigurationList;
			buildConfigurations = (
				34A2948E2087DEEC004EEA33 /* Debug */,
				34A2948F2087DEEC004EEA33 /* Release */,
			);
			defaultConfigurationIsVisible = 0;
			defaultConfigurationName = Release;
		};
		34A294902087DEEC004EEA33 /* Build configuration list for PBXNativeTarget "myBudgetUITests" */ = {
			isa = XCConfigurationList;
			buildConfigurations = (
				34A294912087DEEC004EEA33 /* Debug */,
				34A294922087DEEC004EEA33 /* Release */,
			);
			defaultConfigurationIsVisible = 0;
			defaultConfigurationName = Release;
		};
/* End XCConfigurationList section */
	};
	rootObject = 34A2945A2087DEEC004EEA33 /* Project object */;
}
